
Microsoft Visual Studio Solution File, Format Version 12.00
# Visual Studio Version 17
VisualStudioVersion = 17.8.34330.188
MinimumVisualStudioVersion = 10.0.40219.1
Project("{888888A0-9F3D-457C-B088-3A5042F75D52}") = "work1", "work1.pyproj", "{9203DD99-EB44-41C2-A587-43A092ED4BA9}"
EndProject
Global
	GlobalSection(SolutionConfigurationPlatforms) = preSolution
		Debug|Any CPU = Debug|Any CPU
		Release|Any CPU = Release|Any CPU
	EndGlobalSection
	GlobalSection(ProjectConfigurationPlatforms) = postSolution
		{9203DD99-EB44-41C2-A587-43A092ED4BA9}.Debug|Any CPU.ActiveCfg = Debug|Any CPU
		{9203DD99-EB44-41C2-A587-43A092ED4BA9}.Release|Any CPU.ActiveCfg = Release|Any CPU
	EndGlobalSection
	GlobalSection(SolutionProperties) = preSolution
		HideSolutionNode = FALSE
	EndGlobalSection
	GlobalSection(ExtensibilityGlobals) = postSolution
		SolutionGuid = {26C6B4A4-5DD1-406A-82B6-A3F8ABA522BA}
	EndGlobalSection
EndGlobal
