
Microsoft Visual Studio Solution File, Format Version 12.00
# Visual Studio Version 17
VisualStudioVersion = 17.9.34723.18
MinimumVisualStudioVersion = 10.0.40219.1
Project("{888888A0-9F3D-457C-B088-3A5042F75D52}") = "work8", "work8.pyproj", "{E2DF8086-CDBE-421B-BD26-19AE2C2687BB}"
EndProject
Global
	GlobalSection(SolutionConfigurationPlatforms) = preSolution
		Debug|Any CPU = Debug|Any CPU
		Release|Any CPU = Release|Any CPU
	EndGlobalSection
	GlobalSection(ProjectConfigurationPlatforms) = postSolution
		{E2DF8086-CDBE-421B-BD26-19AE2C2687BB}.Debug|Any CPU.ActiveCfg = Debug|Any CPU
		{E2DF8086-CDBE-421B-BD26-19AE2C2687BB}.Release|Any CPU.ActiveCfg = Release|Any CPU
	EndGlobalSection
	GlobalSection(SolutionProperties) = preSolution
		HideSolutionNode = FALSE
	EndGlobalSection
	GlobalSection(ExtensibilityGlobals) = postSolution
		SolutionGuid = {75B75D45-1BD0-43B4-A4BA-410A7E939511}
	EndGlobalSection
EndGlobal
