
Microsoft Visual Studio Solution File, Format Version 12.00
# Visual Studio Version 17
VisualStudioVersion = 17.9.34723.18
MinimumVisualStudioVersion = 10.0.40219.1
Project("{888888A0-9F3D-457C-B088-3A5042F75D52}") = "work7", "work7.pyproj", "{AD9EF29C-CD03-45A9-83E2-E6CEA542DDEC}"
EndProject
Global
	GlobalSection(SolutionConfigurationPlatforms) = preSolution
		Debug|Any CPU = Debug|Any CPU
		Release|Any CPU = Release|Any CPU
	EndGlobalSection
	GlobalSection(ProjectConfigurationPlatforms) = postSolution
		{AD9EF29C-CD03-45A9-83E2-E6CEA542DDEC}.Debug|Any CPU.ActiveCfg = Debug|Any CPU
		{AD9EF29C-CD03-45A9-83E2-E6CEA542DDEC}.Release|Any CPU.ActiveCfg = Release|Any CPU
	EndGlobalSection
	GlobalSection(SolutionProperties) = preSolution
		HideSolutionNode = FALSE
	EndGlobalSection
	GlobalSection(ExtensibilityGlobals) = postSolution
		SolutionGuid = {BA904D9D-35F6-4B02-822B-402CB6EBFFE7}
	EndGlobalSection
EndGlobal
